
Microsoft Visual Studio Solution File, Format Version 12.00
# Visual Studio Version 16
VisualStudioVersion = 16.0.29215.179
MinimumVisualStudioVersion = 10.0.40219.1
Project("{9A19103F-16F7-4668-BE54-9A1E7A4F7556}") = "NFile.Core", "NFile.Core\NFile.Core.csproj", "{95533DF5-06D2-4652-B746-E4845F26C98E}"
EndProject
Project("{9A19103F-16F7-4668-BE54-9A1E7A4F7556}") = "NFile.Core.Tests", "NFile.Core.Tests\NFile.Core.Tests.csproj", "{83DB04B3-90B1-43F3-8120-C55172A381E2}"
EndProject
Project("{FAE04EC0-301F-11D3-BF4B-00C04F79EFBC}") = "NFile.AspNet", "Nfile.AspNet\NFile.AspNet.csproj", "{89BB2383-5588-4FC0-B260-C13D478255CE}"
EndProject
Project("{FAE04EC0-301F-11D3-BF4B-00C04F79EFBC}") = "NFile.AspNet.Tests", "NFile.AspNet.Tests\NFile.AspNet.Tests.csproj", "{EFC866A3-B4E1-41F9-9B0D-15436F427AC3}"
EndProject
Project("{FAE04EC0-301F-11D3-BF4B-00C04F79EFBC}") = "NFile.Azure", "NFile.Azure\NFile.Azure.csproj", "{3E28B498-17F3-42BE-97D7-1112687F270C}"
EndProject
Global
	GlobalSection(SolutionConfigurationPlatforms) = preSolution
		Debug|Any CPU = Debug|Any CPU
		Release|Any CPU = Release|Any CPU
	EndGlobalSection
	GlobalSection(ProjectConfigurationPlatforms) = postSolution
		{95533DF5-06D2-4652-B746-E4845F26C98E}.Debug|Any CPU.ActiveCfg = Debug|Any CPU
		{95533DF5-06D2-4652-B746-E4845F26C98E}.Debug|Any CPU.Build.0 = Debug|Any CPU
		{95533DF5-06D2-4652-B746-E4845F26C98E}.Release|Any CPU.ActiveCfg = Release|Any CPU
		{95533DF5-06D2-4652-B746-E4845F26C98E}.Release|Any CPU.Build.0 = Release|Any CPU
		{83DB04B3-90B1-43F3-8120-C55172A381E2}.Debug|Any CPU.ActiveCfg = Debug|Any CPU
		{83DB04B3-90B1-43F3-8120-C55172A381E2}.Debug|Any CPU.Build.0 = Debug|Any CPU
		{83DB04B3-90B1-43F3-8120-C55172A381E2}.Release|Any CPU.ActiveCfg = Release|Any CPU
		{83DB04B3-90B1-43F3-8120-C55172A381E2}.Release|Any CPU.Build.0 = Release|Any CPU
		{89BB2383-5588-4FC0-B260-C13D478255CE}.Debug|Any CPU.ActiveCfg = Debug|Any CPU
		{89BB2383-5588-4FC0-B260-C13D478255CE}.Debug|Any CPU.Build.0 = Debug|Any CPU
		{89BB2383-5588-4FC0-B260-C13D478255CE}.Release|Any CPU.ActiveCfg = Release|Any CPU
		{89BB2383-5588-4FC0-B260-C13D478255CE}.Release|Any CPU.Build.0 = Release|Any CPU
		{EFC866A3-B4E1-41F9-9B0D-15436F427AC3}.Debug|Any CPU.ActiveCfg = Debug|Any CPU
		{EFC866A3-B4E1-41F9-9B0D-15436F427AC3}.Debug|Any CPU.Build.0 = Debug|Any CPU
		{EFC866A3-B4E1-41F9-9B0D-15436F427AC3}.Release|Any CPU.ActiveCfg = Release|Any CPU
		{EFC866A3-B4E1-41F9-9B0D-15436F427AC3}.Release|Any CPU.Build.0 = Release|Any CPU
		{3E28B498-17F3-42BE-97D7-1112687F270C}.Debug|Any CPU.ActiveCfg = Debug|Any CPU
		{3E28B498-17F3-42BE-97D7-1112687F270C}.Debug|Any CPU.Build.0 = Debug|Any CPU
		{3E28B498-17F3-42BE-97D7-1112687F270C}.Release|Any CPU.ActiveCfg = Release|Any CPU
		{3E28B498-17F3-42BE-97D7-1112687F270C}.Release|Any CPU.Build.0 = Release|Any CPU
	EndGlobalSection
	GlobalSection(SolutionProperties) = preSolution
		HideSolutionNode = FALSE
	EndGlobalSection
	GlobalSection(ExtensibilityGlobals) = postSolution
		SolutionGuid = {50490FE4-A489-40ED-969B-F96F6F596436}
	EndGlobalSection
EndGlobal
